
Microsoft Visual Studio Solution File, Format Version 12.00
# Visual Studio Version 17
VisualStudioVersion = 17.5.33516.290
MinimumVisualStudioVersion = 10.0.40219.1
Project("{FAE04EC0-301F-11D3-BF4B-00C04F79EFBC}") = "UnoApp6", "UnoApp6\UnoApp6.csproj", "{DEB502A4-0A7A-4B9D-88AF-BD88B5C78157}"
EndProject
Project("{2150E333-8FDC-42A3-9474-1A3956D46DE8}") = "Tests", "Tests", "{5D01B29F-0276-4FD0-A7E8-05E216682E7E}"
EndProject
Project("{9A19103F-16F7-4668-BE54-9A1E7A4F7556}") = "UnoApp6.Tests", "UnoApp6.Tests\UnoApp6.Tests.csproj", "{7A1E100B-5185-4271-B5F4-8CA3D6FC05DF}"
EndProject
Project("{9A19103F-16F7-4668-BE54-9A1E7A4F7556}") = "UnoApp6.UITests", "UnoApp6.UITests\UnoApp6.UITests.csproj", "{343D23DF-75D7-44F9-AD9F-14BE191FDBC9}"
EndProject
Project("{2150E333-8FDC-42A3-9474-1A3956D46DE8}") = "Platforms", "Platforms", "{681A8BF4-A219-4BE4-89BE-814242A61E3C}"
EndProject
Project("{9A19103F-16F7-4668-BE54-9A1E7A4F7556}") = "UnoApp6.Windows", "UnoApp6.Windows\UnoApp6.Windows.csproj", "{0ADF6FCD-1CF8-4283-AEFA-97E4B2D67059}"
EndProject
Global
	GlobalSection(SolutionConfigurationPlatforms) = preSolution
		Debug|Any CPU = Debug|Any CPU
		Debug|arm64 = Debug|arm64
		Debug|x64 = Debug|x64
		Debug|x86 = Debug|x86
		Release|Any CPU = Release|Any CPU
		Release|arm64 = Release|arm64
		Release|x64 = Release|x64
		Release|x86 = Release|x86
	EndGlobalSection
	GlobalSection(ProjectConfigurationPlatforms) = postSolution
		{DEB502A4-0A7A-4B9D-88AF-BD88B5C78157}.Debug|Any CPU.ActiveCfg = Debug|Any CPU
		{DEB502A4-0A7A-4B9D-88AF-BD88B5C78157}.Debug|Any CPU.Build.0 = Debug|Any CPU
		{DEB502A4-0A7A-4B9D-88AF-BD88B5C78157}.Debug|arm64.ActiveCfg = Debug|Any CPU
		{DEB502A4-0A7A-4B9D-88AF-BD88B5C78157}.Debug|arm64.Build.0 = Debug|Any CPU
		{DEB502A4-0A7A-4B9D-88AF-BD88B5C78157}.Debug|x64.ActiveCfg = Debug|Any CPU
		{DEB502A4-0A7A-4B9D-88AF-BD88B5C78157}.Debug|x64.Build.0 = Debug|Any CPU
		{DEB502A4-0A7A-4B9D-88AF-BD88B5C78157}.Debug|x86.ActiveCfg = Debug|Any CPU
		{DEB502A4-0A7A-4B9D-88AF-BD88B5C78157}.Debug|x86.Build.0 = Debug|Any CPU
		{DEB502A4-0A7A-4B9D-88AF-BD88B5C78157}.Release|Any CPU.ActiveCfg = Release|Any CPU
		{DEB502A4-0A7A-4B9D-88AF-BD88B5C78157}.Release|Any CPU.Build.0 = Release|Any CPU
		{DEB502A4-0A7A-4B9D-88AF-BD88B5C78157}.Release|arm64.ActiveCfg = Release|Any CPU
		{DEB502A4-0A7A-4B9D-88AF-BD88B5C78157}.Release|arm64.Build.0 = Release|Any CPU
		{DEB502A4-0A7A-4B9D-88AF-BD88B5C78157}.Release|x64.ActiveCfg = Release|Any CPU
		{DEB502A4-0A7A-4B9D-88AF-BD88B5C78157}.Release|x64.Build.0 = Release|Any CPU
		{DEB502A4-0A7A-4B9D-88AF-BD88B5C78157}.Release|x86.ActiveCfg = Release|Any CPU
		{DEB502A4-0A7A-4B9D-88AF-BD88B5C78157}.Release|x86.Build.0 = Release|Any CPU
		{7A1E100B-5185-4271-B5F4-8CA3D6FC05DF}.Debug|Any CPU.ActiveCfg = Debug|Any CPU
		{7A1E100B-5185-4271-B5F4-8CA3D6FC05DF}.Debug|Any CPU.Build.0 = Debug|Any CPU
		{7A1E100B-5185-4271-B5F4-8CA3D6FC05DF}.Debug|arm64.ActiveCfg = Debug|Any CPU
		{7A1E100B-5185-4271-B5F4-8CA3D6FC05DF}.Debug|arm64.Build.0 = Debug|Any CPU
		{7A1E100B-5185-4271-B5F4-8CA3D6FC05DF}.Debug|x64.ActiveCfg = Debug|Any CPU
		{7A1E100B-5185-4271-B5F4-8CA3D6FC05DF}.Debug|x64.Build.0 = Debug|Any CPU
		{7A1E100B-5185-4271-B5F4-8CA3D6FC05DF}.Debug|x86.ActiveCfg = Debug|Any CPU
		{7A1E100B-5185-4271-B5F4-8CA3D6FC05DF}.Debug|x86.Build.0 = Debug|Any CPU
		{7A1E100B-5185-4271-B5F4-8CA3D6FC05DF}.Release|Any CPU.ActiveCfg = Release|Any CPU
		{7A1E100B-5185-4271-B5F4-8CA3D6FC05DF}.Release|Any CPU.Build.0 = Release|Any CPU
		{7A1E100B-5185-4271-B5F4-8CA3D6FC05DF}.Release|arm64.ActiveCfg = Release|Any CPU
		{7A1E100B-5185-4271-B5F4-8CA3D6FC05DF}.Release|arm64.Build.0 = Release|Any CPU
		{7A1E100B-5185-4271-B5F4-8CA3D6FC05DF}.Release|x64.ActiveCfg = Release|Any CPU
		{7A1E100B-5185-4271-B5F4-8CA3D6FC05DF}.Release|x64.Build.0 = Release|Any CPU
		{7A1E100B-5185-4271-B5F4-8CA3D6FC05DF}.Release|x86.ActiveCfg = Release|Any CPU
		{7A1E100B-5185-4271-B5F4-8CA3D6FC05DF}.Release|x86.Build.0 = Release|Any CPU
		{343D23DF-75D7-44F9-AD9F-14BE191FDBC9}.Debug|Any CPU.ActiveCfg = Debug|Any CPU
		{343D23DF-75D7-44F9-AD9F-14BE191FDBC9}.Debug|Any CPU.Build.0 = Debug|Any CPU
		{343D23DF-75D7-44F9-AD9F-14BE191FDBC9}.Debug|arm64.ActiveCfg = Debug|Any CPU
		{343D23DF-75D7-44F9-AD9F-14BE191FDBC9}.Debug|arm64.Build.0 = Debug|Any CPU
		{343D23DF-75D7-44F9-AD9F-14BE191FDBC9}.Debug|x64.ActiveCfg = Debug|Any CPU
		{343D23DF-75D7-44F9-AD9F-14BE191FDBC9}.Debug|x64.Build.0 = Debug|Any CPU
		{343D23DF-75D7-44F9-AD9F-14BE191FDBC9}.Debug|x86.ActiveCfg = Debug|Any CPU
		{343D23DF-75D7-44F9-AD9F-14BE191FDBC9}.Debug|x86.Build.0 = Debug|Any CPU
		{343D23DF-75D7-44F9-AD9F-14BE191FDBC9}.Release|Any CPU.ActiveCfg = Release|Any CPU
		{343D23DF-75D7-44F9-AD9F-14BE191FDBC9}.Release|Any CPU.Build.0 = Release|Any CPU
		{343D23DF-75D7-44F9-AD9F-14BE191FDBC9}.Release|arm64.ActiveCfg = Release|Any CPU
		{343D23DF-75D7-44F9-AD9F-14BE191FDBC9}.Release|arm64.Build.0 = Release|Any CPU
		{343D23DF-75D7-44F9-AD9F-14BE191FDBC9}.Release|x64.ActiveCfg = Release|Any CPU
		{343D23DF-75D7-44F9-AD9F-14BE191FDBC9}.Release|x64.Build.0 = Release|Any CPU
		{343D23DF-75D7-44F9-AD9F-14BE191FDBC9}.Release|x86.ActiveCfg = Release|Any CPU
		{343D23DF-75D7-44F9-AD9F-14BE191FDBC9}.Release|x86.Build.0 = Release|Any CPU
		{0ADF6FCD-1CF8-4283-AEFA-97E4B2D67059}.Debug|Any CPU.ActiveCfg = Debug|x64
		{0ADF6FCD-1CF8-4283-AEFA-97E4B2D67059}.Debug|Any CPU.Build.0 = Debug|x64
		{0ADF6FCD-1CF8-4283-AEFA-97E4B2D67059}.Debug|Any CPU.Deploy.0 = Debug|x64
		{0ADF6FCD-1CF8-4283-AEFA-97E4B2D67059}.Debug|arm64.ActiveCfg = Debug|arm64
		{0ADF6FCD-1CF8-4283-AEFA-97E4B2D67059}.Debug|arm64.Build.0 = Debug|arm64
		{0ADF6FCD-1CF8-4283-AEFA-97E4B2D67059}.Debug|arm64.Deploy.0 = Debug|arm64
		{0ADF6FCD-1CF8-4283-AEFA-97E4B2D67059}.Debug|x64.ActiveCfg = Debug|x64
		{0ADF6FCD-1CF8-4283-AEFA-97E4B2D67059}.Debug|x64.Build.0 = Debug|x64
		{0ADF6FCD-1CF8-4283-AEFA-97E4B2D67059}.Debug|x64.Deploy.0 = Debug|x64
		{0ADF6FCD-1CF8-4283-AEFA-97E4B2D67059}.Debug|x86.ActiveCfg = Debug|x86
		{0ADF6FCD-1CF8-4283-AEFA-97E4B2D67059}.Debug|x86.Build.0 = Debug|x86
		{0ADF6FCD-1CF8-4283-AEFA-97E4B2D67059}.Debug|x86.Deploy.0 = Debug|x86
		{0ADF6FCD-1CF8-4283-AEFA-97E4B2D67059}.Release|Any CPU.ActiveCfg = Release|x64
		{0ADF6FCD-1CF8-4283-AEFA-97E4B2D67059}.Release|Any CPU.Build.0 = Release|x64
		{0ADF6FCD-1CF8-4283-AEFA-97E4B2D67059}.Release|Any CPU.Deploy.0 = Release|x64
		{0ADF6FCD-1CF8-4283-AEFA-97E4B2D67059}.Release|arm64.ActiveCfg = Release|arm64
		{0ADF6FCD-1CF8-4283-AEFA-97E4B2D67059}.Release|arm64.Build.0 = Release|arm64
		{0ADF6FCD-1CF8-4283-AEFA-97E4B2D67059}.Release|arm64.Deploy.0 = Release|arm64
		{0ADF6FCD-1CF8-4283-AEFA-97E4B2D67059}.Release|x64.ActiveCfg = Release|x64
		{0ADF6FCD-1CF8-4283-AEFA-97E4B2D67059}.Release|x64.Build.0 = Release|x64
		{0ADF6FCD-1CF8-4283-AEFA-97E4B2D67059}.Release|x64.Deploy.0 = Release|x64
		{0ADF6FCD-1CF8-4283-AEFA-97E4B2D67059}.Release|x86.ActiveCfg = Release|x86
		{0ADF6FCD-1CF8-4283-AEFA-97E4B2D67059}.Release|x86.Build.0 = Release|x86
		{0ADF6FCD-1CF8-4283-AEFA-97E4B2D67059}.Release|x86.Deploy.0 = Release|x86
	EndGlobalSection
	GlobalSection(SolutionProperties) = preSolution
		HideSolutionNode = FALSE
	EndGlobalSection
	GlobalSection(NestedProjects) = preSolution
		{7A1E100B-5185-4271-B5F4-8CA3D6FC05DF} = {5D01B29F-0276-4FD0-A7E8-05E216682E7E}
		{343D23DF-75D7-44F9-AD9F-14BE191FDBC9} = {5D01B29F-0276-4FD0-A7E8-05E216682E7E}
		{0ADF6FCD-1CF8-4283-AEFA-97E4B2D67059} = {681A8BF4-A219-4BE4-89BE-814242A61E3C}
	EndGlobalSection
	GlobalSection(ExtensibilityGlobals) = postSolution
		SolutionGuid = {C4C47DD0-5563-4F4F-AF07-1AFECA2A74EA}
	EndGlobalSection
EndGlobal
